
Microsoft Visual Studio Solution File, Format Version 12.00
Project("{FAE04EC0-301F-11D3-BF4B-00C04F79EFBC}") = "DDDNetCore", "DDDNetCore\DDDNetCore.csproj", "{0BF8012E-1FAA-4075-9670-72FA949E369A}"
EndProject
Project("{FAE04EC0-301F-11D3-BF4B-00C04F79EFBC}") = "DDDNetCoreTest", "DDDNetCoreTest\DDDNetCoreTest.csproj", "{EFB66E8A-211F-4668-A3BA-83796FC0EFD4}"
EndProject
Global
	GlobalSection(SolutionConfigurationPlatforms) = preSolution
		Debug|Any CPU = Debug|Any CPU
		Release|Any CPU = Release|Any CPU
	EndGlobalSection
	GlobalSection(ProjectConfigurationPlatforms) = postSolution
		{0BF8012E-1FAA-4075-9670-72FA949E369A}.Debug|Any CPU.ActiveCfg = Debug|Any CPU
		{0BF8012E-1FAA-4075-9670-72FA949E369A}.Debug|Any CPU.Build.0 = Debug|Any CPU
		{0BF8012E-1FAA-4075-9670-72FA949E369A}.Release|Any CPU.ActiveCfg = Release|Any CPU
		{0BF8012E-1FAA-4075-9670-72FA949E369A}.Release|Any CPU.Build.0 = Release|Any CPU
		{EFB66E8A-211F-4668-A3BA-83796FC0EFD4}.Debug|Any CPU.ActiveCfg = Debug|Any CPU
		{EFB66E8A-211F-4668-A3BA-83796FC0EFD4}.Debug|Any CPU.Build.0 = Debug|Any CPU
		{EFB66E8A-211F-4668-A3BA-83796FC0EFD4}.Release|Any CPU.ActiveCfg = Release|Any CPU
		{EFB66E8A-211F-4668-A3BA-83796FC0EFD4}.Release|Any CPU.Build.0 = Release|Any CPU
	EndGlobalSection
EndGlobal
